
Microsoft Visual Studio Solution File, Format Version 12.00
# Visual Studio Version 17
VisualStudioVersion = 17.1.32328.378
MinimumVisualStudioVersion = 10.0.40219.1
Project("{FAE04EC0-301F-11D3-BF4B-00C04F79EFBC}") = "WebApplication1_GB", "WebApplication1_GB\WebApplication1_GB.csproj", "{FD54A037-FCC1-49F7-A78A-95954EC05639}"
EndProject
Global
	GlobalSection(SolutionConfigurationPlatforms) = preSolution
		Debug|Any CPU = Debug|Any CPU
		Release|Any CPU = Release|Any CPU
	EndGlobalSection
	GlobalSection(ProjectConfigurationPlatforms) = postSolution
		{FD54A037-FCC1-49F7-A78A-95954EC05639}.Debug|Any CPU.ActiveCfg = Debug|Any CPU
		{FD54A037-FCC1-49F7-A78A-95954EC05639}.Debug|Any CPU.Build.0 = Debug|Any CPU
		{FD54A037-FCC1-49F7-A78A-95954EC05639}.Release|Any CPU.ActiveCfg = Release|Any CPU
		{FD54A037-FCC1-49F7-A78A-95954EC05639}.Release|Any CPU.Build.0 = Release|Any CPU
	EndGlobalSection
	GlobalSection(SolutionProperties) = preSolution
		HideSolutionNode = FALSE
	EndGlobalSection
	GlobalSection(ExtensibilityGlobals) = postSolution
		SolutionGuid = {739E4938-0431-40EC-BC8C-85438B37B12A}
	EndGlobalSection
EndGlobal
